
Microsoft Visual Studio Solution File, Format Version 12.00
# Visual Studio Version 17
VisualStudioVersion = 17.10.35027.167
MinimumVisualStudioVersion = 10.0.40219.1
Project("{FAE04EC0-301F-11D3-BF4B-00C04F79EFBC}") = "JuegoDado_Aurora_Benjamin", "JuegoDado_Aurora_Benjamin\JuegoDado_Aurora_Benjamin.csproj", "{821F1B21-04F9-4547-90CA-317683C64CFB}"
EndProject
Global
	GlobalSection(SolutionConfigurationPlatforms) = preSolution
		Debug|Any CPU = Debug|Any CPU
		Release|Any CPU = Release|Any CPU
	EndGlobalSection
	GlobalSection(ProjectConfigurationPlatforms) = postSolution
		{821F1B21-04F9-4547-90CA-317683C64CFB}.Debug|Any CPU.ActiveCfg = Debug|Any CPU
		{821F1B21-04F9-4547-90CA-317683C64CFB}.Debug|Any CPU.Build.0 = Debug|Any CPU
		{821F1B21-04F9-4547-90CA-317683C64CFB}.Release|Any CPU.ActiveCfg = Release|Any CPU
		{821F1B21-04F9-4547-90CA-317683C64CFB}.Release|Any CPU.Build.0 = Release|Any CPU
	EndGlobalSection
	GlobalSection(SolutionProperties) = preSolution
		HideSolutionNode = FALSE
	EndGlobalSection
	GlobalSection(ExtensibilityGlobals) = postSolution
		SolutionGuid = {85156A40-7E2D-468D-A9ED-0877FCDEB5E6}
	EndGlobalSection
EndGlobal
