
Microsoft Visual Studio Solution File, Format Version 12.00
# Visual Studio Version 17
VisualStudioVersion = 17.10.35027.167
MinimumVisualStudioVersion = 10.0.40219.1
Project("{FAE04EC0-301F-11D3-BF4B-00C04F79EFBC}") = "Actividad6GroverLorenzo", "Actividad6GroverLorenzo\Actividad6GroverLorenzo.csproj", "{754478B3-3691-477F-A44A-E61DEDB968B1}"
EndProject
Global
	GlobalSection(SolutionConfigurationPlatforms) = preSolution
		Debug|Any CPU = Debug|Any CPU
		Release|Any CPU = Release|Any CPU
	EndGlobalSection
	GlobalSection(ProjectConfigurationPlatforms) = postSolution
		{754478B3-3691-477F-A44A-E61DEDB968B1}.Debug|Any CPU.ActiveCfg = Debug|Any CPU
		{754478B3-3691-477F-A44A-E61DEDB968B1}.Debug|Any CPU.Build.0 = Debug|Any CPU
		{754478B3-3691-477F-A44A-E61DEDB968B1}.Release|Any CPU.ActiveCfg = Release|Any CPU
		{754478B3-3691-477F-A44A-E61DEDB968B1}.Release|Any CPU.Build.0 = Release|Any CPU
	EndGlobalSection
	GlobalSection(SolutionProperties) = preSolution
		HideSolutionNode = FALSE
	EndGlobalSection
	GlobalSection(ExtensibilityGlobals) = postSolution
		SolutionGuid = {8D1E1098-10B5-437B-85A7-179B8548D66D}
	EndGlobalSection
EndGlobal
