
Microsoft Visual Studio Solution File, Format Version 12.00
# Visual Studio Version 17
VisualStudioVersion = 17.9.34728.123
MinimumVisualStudioVersion = 10.0.40219.1
Project("{FAE04EC0-301F-11D3-BF4B-00C04F79EFBC}") = "WebAPIDemo", "WebAPIDemo\WebAPIDemo.csproj", "{58BFBBDF-8FD3-4A50-957B-03E81AE5D378}"
EndProject
Global
	GlobalSection(SolutionConfigurationPlatforms) = preSolution
		Debug|Any CPU = Debug|Any CPU
		Release|Any CPU = Release|Any CPU
	EndGlobalSection
	GlobalSection(ProjectConfigurationPlatforms) = postSolution
		{58BFBBDF-8FD3-4A50-957B-03E81AE5D378}.Debug|Any CPU.ActiveCfg = Debug|Any CPU
		{58BFBBDF-8FD3-4A50-957B-03E81AE5D378}.Debug|Any CPU.Build.0 = Debug|Any CPU
		{58BFBBDF-8FD3-4A50-957B-03E81AE5D378}.Release|Any CPU.ActiveCfg = Release|Any CPU
		{58BFBBDF-8FD3-4A50-957B-03E81AE5D378}.Release|Any CPU.Build.0 = Release|Any CPU
	EndGlobalSection
	GlobalSection(SolutionProperties) = preSolution
		HideSolutionNode = FALSE
	EndGlobalSection
	GlobalSection(ExtensibilityGlobals) = postSolution
		SolutionGuid = {7FD4B866-72CD-4923-8FB8-A241D09F5DBB}
	EndGlobalSection
EndGlobal
