
Microsoft Visual Studio Solution File, Format Version 12.00
# Visual Studio Version 17
VisualStudioVersion = 17.9.34728.123
MinimumVisualStudioVersion = 10.0.40219.1
Project("{FAE04EC0-301F-11D3-BF4B-00C04F79EFBC}") = "BestStoreMVC", "BestStoreMVC\BestStoreMVC.csproj", "{E3B0F5D0-D320-4232-99FC-C6E7CE6AA11F}"
EndProject
Global
	GlobalSection(SolutionConfigurationPlatforms) = preSolution
		Debug|Any CPU = Debug|Any CPU
		Release|Any CPU = Release|Any CPU
	EndGlobalSection
	GlobalSection(ProjectConfigurationPlatforms) = postSolution
		{E3B0F5D0-D320-4232-99FC-C6E7CE6AA11F}.Debug|Any CPU.ActiveCfg = Debug|Any CPU
		{E3B0F5D0-D320-4232-99FC-C6E7CE6AA11F}.Debug|Any CPU.Build.0 = Debug|Any CPU
		{E3B0F5D0-D320-4232-99FC-C6E7CE6AA11F}.Release|Any CPU.ActiveCfg = Release|Any CPU
		{E3B0F5D0-D320-4232-99FC-C6E7CE6AA11F}.Release|Any CPU.Build.0 = Release|Any CPU
	EndGlobalSection
	GlobalSection(SolutionProperties) = preSolution
		HideSolutionNode = FALSE
	EndGlobalSection
	GlobalSection(ExtensibilityGlobals) = postSolution
		SolutionGuid = {48C1BABB-FCF4-4C14-9732-6047BA64446B}
	EndGlobalSection
EndGlobal
