
Microsoft Visual Studio Solution File, Format Version 12.00
# Visual Studio Version 17
VisualStudioVersion = 17.10.35027.167
MinimumVisualStudioVersion = 10.0.40219.1
Project("{FAE04EC0-301F-11D3-BF4B-00C04F79EFBC}") = "InterfazEjercicios4", "InterfazEjercicios4\InterfazEjercicios4.csproj", "{BB928736-8BB5-45C1-AF4D-6DB9A0167948}"
EndProject
Global
	GlobalSection(SolutionConfigurationPlatforms) = preSolution
		Debug|Any CPU = Debug|Any CPU
		Release|Any CPU = Release|Any CPU
	EndGlobalSection
	GlobalSection(ProjectConfigurationPlatforms) = postSolution
		{BB928736-8BB5-45C1-AF4D-6DB9A0167948}.Debug|Any CPU.ActiveCfg = Debug|Any CPU
		{BB928736-8BB5-45C1-AF4D-6DB9A0167948}.Debug|Any CPU.Build.0 = Debug|Any CPU
		{BB928736-8BB5-45C1-AF4D-6DB9A0167948}.Release|Any CPU.ActiveCfg = Release|Any CPU
		{BB928736-8BB5-45C1-AF4D-6DB9A0167948}.Release|Any CPU.Build.0 = Release|Any CPU
	EndGlobalSection
	GlobalSection(SolutionProperties) = preSolution
		HideSolutionNode = FALSE
	EndGlobalSection
	GlobalSection(ExtensibilityGlobals) = postSolution
		SolutionGuid = {E38AA99D-4DF8-40AF-92FB-8C893051C0BD}
	EndGlobalSection
EndGlobal
