
Microsoft Visual Studio Solution File, Format Version 12.00
# Visual Studio Version 17
VisualStudioVersion = 17.10.35027.167
MinimumVisualStudioVersion = 10.0.40219.1
Project("{FAE04EC0-301F-11D3-BF4B-00C04F79EFBC}") = "EjercicioDocumentacion1", "EjercicioDocumentacion1\EjercicioDocumentacion1.csproj", "{BD4B7700-D286-438B-8DEB-50A5D1069F06}"
EndProject
Global
	GlobalSection(SolutionConfigurationPlatforms) = preSolution
		Debug|Any CPU = Debug|Any CPU
		Release|Any CPU = Release|Any CPU
	EndGlobalSection
	GlobalSection(ProjectConfigurationPlatforms) = postSolution
		{BD4B7700-D286-438B-8DEB-50A5D1069F06}.Debug|Any CPU.ActiveCfg = Debug|Any CPU
		{BD4B7700-D286-438B-8DEB-50A5D1069F06}.Debug|Any CPU.Build.0 = Debug|Any CPU
		{BD4B7700-D286-438B-8DEB-50A5D1069F06}.Release|Any CPU.ActiveCfg = Release|Any CPU
		{BD4B7700-D286-438B-8DEB-50A5D1069F06}.Release|Any CPU.Build.0 = Release|Any CPU
	EndGlobalSection
	GlobalSection(SolutionProperties) = preSolution
		HideSolutionNode = FALSE
	EndGlobalSection
	GlobalSection(ExtensibilityGlobals) = postSolution
		SolutionGuid = {6368103D-38D7-4A2E-AF34-1D80E9FE8E60}
	EndGlobalSection
EndGlobal
