
Microsoft Visual Studio Solution File, Format Version 12.00
# Visual Studio Version 17
VisualStudioVersion = 17.10.35027.167
MinimumVisualStudioVersion = 10.0.40219.1
Project("{FAE04EC0-301F-11D3-BF4B-00C04F79EFBC}") = "Ejercicio5CalculadoraSimple", "Ejercicio5CalculadoraSimple\Ejercicio5CalculadoraSimple.csproj", "{B519BD3B-3942-4D1C-AF8B-820AEF3C189B}"
EndProject
Global
	GlobalSection(SolutionConfigurationPlatforms) = preSolution
		Debug|Any CPU = Debug|Any CPU
		Release|Any CPU = Release|Any CPU
	EndGlobalSection
	GlobalSection(ProjectConfigurationPlatforms) = postSolution
		{B519BD3B-3942-4D1C-AF8B-820AEF3C189B}.Debug|Any CPU.ActiveCfg = Debug|Any CPU
		{B519BD3B-3942-4D1C-AF8B-820AEF3C189B}.Debug|Any CPU.Build.0 = Debug|Any CPU
		{B519BD3B-3942-4D1C-AF8B-820AEF3C189B}.Release|Any CPU.ActiveCfg = Release|Any CPU
		{B519BD3B-3942-4D1C-AF8B-820AEF3C189B}.Release|Any CPU.Build.0 = Release|Any CPU
	EndGlobalSection
	GlobalSection(SolutionProperties) = preSolution
		HideSolutionNode = FALSE
	EndGlobalSection
	GlobalSection(ExtensibilityGlobals) = postSolution
		SolutionGuid = {FBD2C17F-C891-49FF-B105-5B67D5E5B0E2}
	EndGlobalSection
EndGlobal
