
Microsoft Visual Studio Solution File, Format Version 12.00
# Visual Studio Version 17
VisualStudioVersion = 17.10.35027.167
MinimumVisualStudioVersion = 10.0.40219.1
Project("{FAE04EC0-301F-11D3-BF4B-00C04F79EFBC}") = "Formulario_RegistroSimple", "Formulario_RegistroSimple\Formulario_RegistroSimple.csproj", "{39305462-CFE0-47F3-B8AC-05E9A6D6BB66}"
EndProject
Global
	GlobalSection(SolutionConfigurationPlatforms) = preSolution
		Debug|Any CPU = Debug|Any CPU
		Release|Any CPU = Release|Any CPU
	EndGlobalSection
	GlobalSection(ProjectConfigurationPlatforms) = postSolution
		{39305462-CFE0-47F3-B8AC-05E9A6D6BB66}.Debug|Any CPU.ActiveCfg = Debug|Any CPU
		{39305462-CFE0-47F3-B8AC-05E9A6D6BB66}.Debug|Any CPU.Build.0 = Debug|Any CPU
		{39305462-CFE0-47F3-B8AC-05E9A6D6BB66}.Release|Any CPU.ActiveCfg = Release|Any CPU
		{39305462-CFE0-47F3-B8AC-05E9A6D6BB66}.Release|Any CPU.Build.0 = Release|Any CPU
	EndGlobalSection
	GlobalSection(SolutionProperties) = preSolution
		HideSolutionNode = FALSE
	EndGlobalSection
	GlobalSection(ExtensibilityGlobals) = postSolution
		SolutionGuid = {152EFC03-ED41-4245-B50C-73FE1E90EC60}
	EndGlobalSection
EndGlobal
