
Microsoft Visual Studio Solution File, Format Version 12.00
# Visual Studio Version 17
VisualStudioVersion = 17.10.35027.167
MinimumVisualStudioVersion = 10.0.40219.1
Project("{FAE04EC0-301F-11D3-BF4B-00C04F79EFBC}") = "PruebasUnitarias", "PruebasUnitarias\PruebasUnitarias.csproj", "{E1D4071A-83B7-489F-A4BE-287ADB422502}"
EndProject
Project("{FAE04EC0-301F-11D3-BF4B-00C04F79EFBC}") = "TestProject1", "TestProject1\TestProject1.csproj", "{A9059DFA-AF63-48DD-A35F-16AA45025287}"
EndProject
Global
	GlobalSection(SolutionConfigurationPlatforms) = preSolution
		Debug|Any CPU = Debug|Any CPU
		Release|Any CPU = Release|Any CPU
	EndGlobalSection
	GlobalSection(ProjectConfigurationPlatforms) = postSolution
		{E1D4071A-83B7-489F-A4BE-287ADB422502}.Debug|Any CPU.ActiveCfg = Debug|Any CPU
		{E1D4071A-83B7-489F-A4BE-287ADB422502}.Debug|Any CPU.Build.0 = Debug|Any CPU
		{E1D4071A-83B7-489F-A4BE-287ADB422502}.Release|Any CPU.ActiveCfg = Release|Any CPU
		{E1D4071A-83B7-489F-A4BE-287ADB422502}.Release|Any CPU.Build.0 = Release|Any CPU
		{A9059DFA-AF63-48DD-A35F-16AA45025287}.Debug|Any CPU.ActiveCfg = Debug|Any CPU
		{A9059DFA-AF63-48DD-A35F-16AA45025287}.Debug|Any CPU.Build.0 = Debug|Any CPU
		{A9059DFA-AF63-48DD-A35F-16AA45025287}.Release|Any CPU.ActiveCfg = Release|Any CPU
		{A9059DFA-AF63-48DD-A35F-16AA45025287}.Release|Any CPU.Build.0 = Release|Any CPU
	EndGlobalSection
	GlobalSection(SolutionProperties) = preSolution
		HideSolutionNode = FALSE
	EndGlobalSection
	GlobalSection(ExtensibilityGlobals) = postSolution
		SolutionGuid = {9CBD7313-9B1F-4E81-A906-B9F563FA1D44}
	EndGlobalSection
EndGlobal
