
Microsoft Visual Studio Solution File, Format Version 12.00
# Visual Studio Version 17
VisualStudioVersion = 17.10.35027.167
MinimumVisualStudioVersion = 10.0.40219.1
Project("{FAE04EC0-301F-11D3-BF4B-00C04F79EFBC}") = "EjerciciosPlanteados3", "EjerciciosPlanteados3\EjerciciosPlanteados3.csproj", "{B840F35B-337B-459B-B3F4-A9549AD222A5}"
EndProject
Global
	GlobalSection(SolutionConfigurationPlatforms) = preSolution
		Debug|Any CPU = Debug|Any CPU
		Release|Any CPU = Release|Any CPU
	EndGlobalSection
	GlobalSection(ProjectConfigurationPlatforms) = postSolution
		{B840F35B-337B-459B-B3F4-A9549AD222A5}.Debug|Any CPU.ActiveCfg = Debug|Any CPU
		{B840F35B-337B-459B-B3F4-A9549AD222A5}.Debug|Any CPU.Build.0 = Debug|Any CPU
		{B840F35B-337B-459B-B3F4-A9549AD222A5}.Release|Any CPU.ActiveCfg = Release|Any CPU
		{B840F35B-337B-459B-B3F4-A9549AD222A5}.Release|Any CPU.Build.0 = Release|Any CPU
	EndGlobalSection
	GlobalSection(SolutionProperties) = preSolution
		HideSolutionNode = FALSE
	EndGlobalSection
	GlobalSection(ExtensibilityGlobals) = postSolution
		SolutionGuid = {A9688A7B-4EF3-4C0F-ADF9-B09F7B668F11}
	EndGlobalSection
EndGlobal
