
Microsoft Visual Studio Solution File, Format Version 12.00
# Visual Studio Version 17
VisualStudioVersion = 17.10.35027.167
MinimumVisualStudioVersion = 10.0.40219.1
Project("{9A19103F-16F7-4668-BE54-9A1E7A4F7556}") = "Torneos", "Torneo\Torneos.csproj", "{3340B86A-CD50-4F35-B7F2-4AB65E4179FA}"
EndProject
Global
	GlobalSection(SolutionConfigurationPlatforms) = preSolution
		Debug|Any CPU = Debug|Any CPU
		Release|Any CPU = Release|Any CPU
	EndGlobalSection
	GlobalSection(ProjectConfigurationPlatforms) = postSolution
		{3340B86A-CD50-4F35-B7F2-4AB65E4179FA}.Debug|Any CPU.ActiveCfg = Debug|Any CPU
		{3340B86A-CD50-4F35-B7F2-4AB65E4179FA}.Debug|Any CPU.Build.0 = Debug|Any CPU
		{3340B86A-CD50-4F35-B7F2-4AB65E4179FA}.Release|Any CPU.ActiveCfg = Release|Any CPU
		{3340B86A-CD50-4F35-B7F2-4AB65E4179FA}.Release|Any CPU.Build.0 = Release|Any CPU
	EndGlobalSection
	GlobalSection(SolutionProperties) = preSolution
		HideSolutionNode = FALSE
	EndGlobalSection
	GlobalSection(ExtensibilityGlobals) = postSolution
		SolutionGuid = {5CBD5ABA-1522-4232-9893-2E08680361F5}
	EndGlobalSection
EndGlobal
