
Microsoft Visual Studio Solution File, Format Version 12.00
# Visual Studio Version 17
VisualStudioVersion = 17.10.35027.167
MinimumVisualStudioVersion = 10.0.40219.1
Project("{FAE04EC0-301F-11D3-BF4B-00C04F79EFBC}") = "InterfazEjercicios3", "InterfazEjercicios3\InterfazEjercicios3.csproj", "{CE995BF5-4E50-4054-934A-02C096DD4B1E}"
EndProject
Global
	GlobalSection(SolutionConfigurationPlatforms) = preSolution
		Debug|Any CPU = Debug|Any CPU
		Release|Any CPU = Release|Any CPU
	EndGlobalSection
	GlobalSection(ProjectConfigurationPlatforms) = postSolution
		{CE995BF5-4E50-4054-934A-02C096DD4B1E}.Debug|Any CPU.ActiveCfg = Debug|Any CPU
		{CE995BF5-4E50-4054-934A-02C096DD4B1E}.Debug|Any CPU.Build.0 = Debug|Any CPU
		{CE995BF5-4E50-4054-934A-02C096DD4B1E}.Release|Any CPU.ActiveCfg = Release|Any CPU
		{CE995BF5-4E50-4054-934A-02C096DD4B1E}.Release|Any CPU.Build.0 = Release|Any CPU
	EndGlobalSection
	GlobalSection(SolutionProperties) = preSolution
		HideSolutionNode = FALSE
	EndGlobalSection
	GlobalSection(ExtensibilityGlobals) = postSolution
		SolutionGuid = {AFBE5664-39FA-4131-B3E0-52CD767C5501}
	EndGlobalSection
EndGlobal
